
Microsoft Visual Studio Solution File, Format Version 12.00
# Visual Studio Version 17
VisualStudioVersion = 17.6.33723.286
MinimumVisualStudioVersion = 10.0.40219.1
Project("{2150E333-8FDC-42A3-9474-1A3956D46DE8}") = "src", "src", "{AA831FB7-1467-4BAA-8613-42FD51A2EFD3}"
EndProject
Project("{2150E333-8FDC-42A3-9474-1A3956D46DE8}") = "tests", "tests", "{09238CC0-2CD3-4A47-A12A-E1C3005C245B}"
EndProject
Project("{2150E333-8FDC-42A3-9474-1A3956D46DE8}") = "1 - Presentation", "1 - Presentation", "{1187D8F7-65EE-4F92-8C05-39FAA5991214}"
EndProject
Project("{2150E333-8FDC-42A3-9474-1A3956D46DE8}") = "2 - Application", "2 - Application", "{06F1237C-E8FA-4FFC-8CC5-AD195355D608}"
EndProject
Project("{2150E333-8FDC-42A3-9474-1A3956D46DE8}") = "3 - Domain", "3 - Domain", "{8A2550C4-5FA3-4FCA-BEDD-151AF3B7471D}"
EndProject
Project("{2150E333-8FDC-42A3-9474-1A3956D46DE8}") = "4 - Infrastructure", "4 - Infrastructure", "{58C808BC-3055-4048-BB84-F9354E616636}"
EndProject
Project("{2150E333-8FDC-42A3-9474-1A3956D46DE8}") = "4.1 - Data", "4.1 - Data", "{504ACFBE-EEDD-4C74-A767-7BA83A51FE6A}"
EndProject
Project("{2150E333-8FDC-42A3-9474-1A3956D46DE8}") = "4.2 - CrossCutting", "4.2 - CrossCutting", "{0894166E-05E6-4294-AD66-CEEF8F8AE71A}"
EndProject
Project("{9A19103F-16F7-4668-BE54-9A1E7A4F7556}") = "Ollix.API", "ollix-backend\src\Ollix.API\Ollix.API.csproj", "{72ACB2EF-512A-4BE2-BE44-C7599DC698E4}"
EndProject
Project("{9A19103F-16F7-4668-BE54-9A1E7A4F7556}") = "Ollix.Application", "ollix-backend\src\Ollix.Application\Ollix.Application.csproj", "{E4A2D0A8-C0EC-4AB5-BD9C-4CBB75064F75}"
EndProject
Project("{9A19103F-16F7-4668-BE54-9A1E7A4F7556}") = "Ollix.Domain", "ollix-backend\src\Ollix.Domain\Ollix.Domain.csproj", "{CACCCC48-6C2D-4069-ACAD-C28E1304E7A5}"
EndProject
Project("{9A19103F-16F7-4668-BE54-9A1E7A4F7556}") = "Ollix.Infrastructure.Data", "ollix-backend\src\Ollix.Infrastructure.Data\Ollix.Infrastructure.Data.csproj", "{3317CCCF-C663-433D-8115-6B9396A56AE5}"
EndProject
Project("{9A19103F-16F7-4668-BE54-9A1E7A4F7556}") = "Ollix.Infrastructure.IoC", "ollix-backend\src\Ollix.Infrastructure.IoC\Ollix.Infrastructure.IoC.csproj", "{85A5B918-70D7-4BF4-8590-B35F6B7FEB11}"
EndProject
Project("{2150E333-8FDC-42A3-9474-1A3956D46DE8}") = "shared", "shared", "{A7783F2C-1483-45CF-9870-4EBB5024EF22}"
EndProject
Project("{9A19103F-16F7-4668-BE54-9A1E7A4F7556}") = "Ollix.Tests.Shared", "ollix-backend\tests\Ollix.Tests.Shared\Ollix.Tests.Shared.csproj", "{5B0B7CEF-AD81-4566-8E7F-883064F7CCF1}"
EndProject
Project("{9A19103F-16F7-4668-BE54-9A1E7A4F7556}") = "Ollix.Tests.Architecture", "ollix-backend\tests\Ollix.Tests.Architecture\Ollix.Tests.Architecture.csproj", "{C03A0922-43EF-4B1F-95CD-CF063EDA6755}"
EndProject
Project("{9A19103F-16F7-4668-BE54-9A1E7A4F7556}") = "Ollix.Tests.Application", "ollix-backend\tests\Ollix.Tests.Application\Ollix.Tests.Application.csproj", "{C1A0AA71-41AC-484B-9B25-7C07815DF4B0}"
EndProject
Project("{2150E333-8FDC-42A3-9474-1A3956D46DE8}") = "5 - SharedKernel", "5 - SharedKernel", "{3AF549A3-0A29-44F5-92E6-9F8505DE0ED8}"
EndProject
Project("{9A19103F-16F7-4668-BE54-9A1E7A4F7556}") = "Ollix.SharedKernel", "ollix-backend\src\Ollix.SharedKernel\Ollix.SharedKernel.csproj", "{864168AA-2D75-4005-8CB9-7061B17F078C}"
EndProject
Global
	GlobalSection(SolutionConfigurationPlatforms) = preSolution
		Debug|Any CPU = Debug|Any CPU
		Release|Any CPU = Release|Any CPU
	EndGlobalSection
	GlobalSection(ProjectConfigurationPlatforms) = postSolution
		{72ACB2EF-512A-4BE2-BE44-C7599DC698E4}.Debug|Any CPU.ActiveCfg = Debug|Any CPU
		{72ACB2EF-512A-4BE2-BE44-C7599DC698E4}.Debug|Any CPU.Build.0 = Debug|Any CPU
		{72ACB2EF-512A-4BE2-BE44-C7599DC698E4}.Release|Any CPU.ActiveCfg = Release|Any CPU
		{72ACB2EF-512A-4BE2-BE44-C7599DC698E4}.Release|Any CPU.Build.0 = Release|Any CPU
		{E4A2D0A8-C0EC-4AB5-BD9C-4CBB75064F75}.Debug|Any CPU.ActiveCfg = Debug|Any CPU
		{E4A2D0A8-C0EC-4AB5-BD9C-4CBB75064F75}.Debug|Any CPU.Build.0 = Debug|Any CPU
		{E4A2D0A8-C0EC-4AB5-BD9C-4CBB75064F75}.Release|Any CPU.ActiveCfg = Release|Any CPU
		{E4A2D0A8-C0EC-4AB5-BD9C-4CBB75064F75}.Release|Any CPU.Build.0 = Release|Any CPU
		{CACCCC48-6C2D-4069-ACAD-C28E1304E7A5}.Debug|Any CPU.ActiveCfg = Debug|Any CPU
		{CACCCC48-6C2D-4069-ACAD-C28E1304E7A5}.Debug|Any CPU.Build.0 = Debug|Any CPU
		{CACCCC48-6C2D-4069-ACAD-C28E1304E7A5}.Release|Any CPU.ActiveCfg = Release|Any CPU
		{CACCCC48-6C2D-4069-ACAD-C28E1304E7A5}.Release|Any CPU.Build.0 = Release|Any CPU
		{3317CCCF-C663-433D-8115-6B9396A56AE5}.Debug|Any CPU.ActiveCfg = Debug|Any CPU
		{3317CCCF-C663-433D-8115-6B9396A56AE5}.Debug|Any CPU.Build.0 = Debug|Any CPU
		{3317CCCF-C663-433D-8115-6B9396A56AE5}.Release|Any CPU.ActiveCfg = Release|Any CPU
		{3317CCCF-C663-433D-8115-6B9396A56AE5}.Release|Any CPU.Build.0 = Release|Any CPU
		{85A5B918-70D7-4BF4-8590-B35F6B7FEB11}.Debug|Any CPU.ActiveCfg = Debug|Any CPU
		{85A5B918-70D7-4BF4-8590-B35F6B7FEB11}.Debug|Any CPU.Build.0 = Debug|Any CPU
		{85A5B918-70D7-4BF4-8590-B35F6B7FEB11}.Release|Any CPU.ActiveCfg = Release|Any CPU
		{85A5B918-70D7-4BF4-8590-B35F6B7FEB11}.Release|Any CPU.Build.0 = Release|Any CPU
		{5B0B7CEF-AD81-4566-8E7F-883064F7CCF1}.Debug|Any CPU.ActiveCfg = Debug|Any CPU
		{5B0B7CEF-AD81-4566-8E7F-883064F7CCF1}.Debug|Any CPU.Build.0 = Debug|Any CPU
		{5B0B7CEF-AD81-4566-8E7F-883064F7CCF1}.Release|Any CPU.ActiveCfg = Release|Any CPU
		{5B0B7CEF-AD81-4566-8E7F-883064F7CCF1}.Release|Any CPU.Build.0 = Release|Any CPU
		{C03A0922-43EF-4B1F-95CD-CF063EDA6755}.Debug|Any CPU.ActiveCfg = Debug|Any CPU
		{C03A0922-43EF-4B1F-95CD-CF063EDA6755}.Debug|Any CPU.Build.0 = Debug|Any CPU
		{C03A0922-43EF-4B1F-95CD-CF063EDA6755}.Release|Any CPU.ActiveCfg = Release|Any CPU
		{C03A0922-43EF-4B1F-95CD-CF063EDA6755}.Release|Any CPU.Build.0 = Release|Any CPU
		{C1A0AA71-41AC-484B-9B25-7C07815DF4B0}.Debug|Any CPU.ActiveCfg = Debug|Any CPU
		{C1A0AA71-41AC-484B-9B25-7C07815DF4B0}.Debug|Any CPU.Build.0 = Debug|Any CPU
		{C1A0AA71-41AC-484B-9B25-7C07815DF4B0}.Release|Any CPU.ActiveCfg = Release|Any CPU
		{C1A0AA71-41AC-484B-9B25-7C07815DF4B0}.Release|Any CPU.Build.0 = Release|Any CPU
		{864168AA-2D75-4005-8CB9-7061B17F078C}.Debug|Any CPU.ActiveCfg = Debug|Any CPU
		{864168AA-2D75-4005-8CB9-7061B17F078C}.Debug|Any CPU.Build.0 = Debug|Any CPU
		{864168AA-2D75-4005-8CB9-7061B17F078C}.Release|Any CPU.ActiveCfg = Release|Any CPU
		{864168AA-2D75-4005-8CB9-7061B17F078C}.Release|Any CPU.Build.0 = Release|Any CPU
	EndGlobalSection
	GlobalSection(SolutionProperties) = preSolution
		HideSolutionNode = FALSE
	EndGlobalSection
	GlobalSection(NestedProjects) = preSolution
		{1187D8F7-65EE-4F92-8C05-39FAA5991214} = {AA831FB7-1467-4BAA-8613-42FD51A2EFD3}
		{06F1237C-E8FA-4FFC-8CC5-AD195355D608} = {AA831FB7-1467-4BAA-8613-42FD51A2EFD3}
		{8A2550C4-5FA3-4FCA-BEDD-151AF3B7471D} = {AA831FB7-1467-4BAA-8613-42FD51A2EFD3}
		{58C808BC-3055-4048-BB84-F9354E616636} = {AA831FB7-1467-4BAA-8613-42FD51A2EFD3}
		{504ACFBE-EEDD-4C74-A767-7BA83A51FE6A} = {58C808BC-3055-4048-BB84-F9354E616636}
		{0894166E-05E6-4294-AD66-CEEF8F8AE71A} = {58C808BC-3055-4048-BB84-F9354E616636}
		{72ACB2EF-512A-4BE2-BE44-C7599DC698E4} = {1187D8F7-65EE-4F92-8C05-39FAA5991214}
		{E4A2D0A8-C0EC-4AB5-BD9C-4CBB75064F75} = {06F1237C-E8FA-4FFC-8CC5-AD195355D608}
		{CACCCC48-6C2D-4069-ACAD-C28E1304E7A5} = {8A2550C4-5FA3-4FCA-BEDD-151AF3B7471D}
		{3317CCCF-C663-433D-8115-6B9396A56AE5} = {504ACFBE-EEDD-4C74-A767-7BA83A51FE6A}
		{85A5B918-70D7-4BF4-8590-B35F6B7FEB11} = {0894166E-05E6-4294-AD66-CEEF8F8AE71A}
		{A7783F2C-1483-45CF-9870-4EBB5024EF22} = {09238CC0-2CD3-4A47-A12A-E1C3005C245B}
		{5B0B7CEF-AD81-4566-8E7F-883064F7CCF1} = {A7783F2C-1483-45CF-9870-4EBB5024EF22}
		{C03A0922-43EF-4B1F-95CD-CF063EDA6755} = {09238CC0-2CD3-4A47-A12A-E1C3005C245B}
		{C1A0AA71-41AC-484B-9B25-7C07815DF4B0} = {09238CC0-2CD3-4A47-A12A-E1C3005C245B}
		{3AF549A3-0A29-44F5-92E6-9F8505DE0ED8} = {AA831FB7-1467-4BAA-8613-42FD51A2EFD3}
		{864168AA-2D75-4005-8CB9-7061B17F078C} = {3AF549A3-0A29-44F5-92E6-9F8505DE0ED8}
	EndGlobalSection
	GlobalSection(ExtensibilityGlobals) = postSolution
		SolutionGuid = {0CD6B99E-70D7-4D08-ABCB-8F4D83022A9F}
	EndGlobalSection
EndGlobal
